
Microsoft Visual Studio Solution File, Format Version 12.00
# Visual Studio Version 17
VisualStudioVersion = 17.9.34622.214
MinimumVisualStudioVersion = 10.0.40219.1
Project("{FAE04EC0-301F-11D3-BF4B-00C04F79EFBC}") = "API-USUARIOS", "API-USUARIOS.csproj", "{B941C074-198A-4E27-BF1C-10B07DE7D0BF}"
EndProject
Global
	GlobalSection(SolutionConfigurationPlatforms) = preSolution
		Debug|Any CPU = Debug|Any CPU
		Release|Any CPU = Release|Any CPU
	EndGlobalSection
	GlobalSection(ProjectConfigurationPlatforms) = postSolution
		{B941C074-198A-4E27-BF1C-10B07DE7D0BF}.Debug|Any CPU.ActiveCfg = Debug|Any CPU
		{B941C074-198A-4E27-BF1C-10B07DE7D0BF}.Debug|Any CPU.Build.0 = Debug|Any CPU
		{B941C074-198A-4E27-BF1C-10B07DE7D0BF}.Release|Any CPU.ActiveCfg = Release|Any CPU
		{B941C074-198A-4E27-BF1C-10B07DE7D0BF}.Release|Any CPU.Build.0 = Release|Any CPU
	EndGlobalSection
	GlobalSection(SolutionProperties) = preSolution
		HideSolutionNode = FALSE
	EndGlobalSection
	GlobalSection(ExtensibilityGlobals) = postSolution
		SolutionGuid = {12D4214D-1B04-46D9-A1C5-8FF89A9CDB09}
	EndGlobalSection
EndGlobal
